
Microsoft Visual Studio Solution File, Format Version 12.00
# Visual Studio 15
VisualStudioVersion = 15.0.28307.1525
MinimumVisualStudioVersion = 10.0.40219.1
Project("{9A19103F-16F7-4668-BE54-9A1E7A4F7556}") = "CRMLibrary.DAL", "DAL\CRMLibrary.DAL.csproj", "{CAD8A67A-42E5-4CE8-8E78-E3ADBD3CDC34}"
EndProject
Project("{9A19103F-16F7-4668-BE54-9A1E7A4F7556}") = "CRMLibrary.UI", "CRMLibrary.UI\CRMLibrary.UI.csproj", "{14A4483A-6641-4016-ACF5-136BF5C1B21A}"
EndProject
Project("{9A19103F-16F7-4668-BE54-9A1E7A4F7556}") = "CRMLibrary.Services", "CRM.Library.Services\CRMLibrary.Services.csproj", "{86478695-D9F9-475E-89B8-0D5CF6522920}"
EndProject
Global
	GlobalSection(SolutionConfigurationPlatforms) = preSolution
		Debug|Any CPU = Debug|Any CPU
		Release|Any CPU = Release|Any CPU
	EndGlobalSection
	GlobalSection(ProjectConfigurationPlatforms) = postSolution
		{CAD8A67A-42E5-4CE8-8E78-E3ADBD3CDC34}.Debug|Any CPU.ActiveCfg = Debug|Any CPU
		{CAD8A67A-42E5-4CE8-8E78-E3ADBD3CDC34}.Debug|Any CPU.Build.0 = Debug|Any CPU
		{CAD8A67A-42E5-4CE8-8E78-E3ADBD3CDC34}.Release|Any CPU.ActiveCfg = Release|Any CPU
		{CAD8A67A-42E5-4CE8-8E78-E3ADBD3CDC34}.Release|Any CPU.Build.0 = Release|Any CPU
		{14A4483A-6641-4016-ACF5-136BF5C1B21A}.Debug|Any CPU.ActiveCfg = Debug|Any CPU
		{14A4483A-6641-4016-ACF5-136BF5C1B21A}.Debug|Any CPU.Build.0 = Debug|Any CPU
		{14A4483A-6641-4016-ACF5-136BF5C1B21A}.Release|Any CPU.ActiveCfg = Release|Any CPU
		{14A4483A-6641-4016-ACF5-136BF5C1B21A}.Release|Any CPU.Build.0 = Release|Any CPU
		{86478695-D9F9-475E-89B8-0D5CF6522920}.Debug|Any CPU.ActiveCfg = Debug|Any CPU
		{86478695-D9F9-475E-89B8-0D5CF6522920}.Debug|Any CPU.Build.0 = Debug|Any CPU
		{86478695-D9F9-475E-89B8-0D5CF6522920}.Release|Any CPU.ActiveCfg = Release|Any CPU
		{86478695-D9F9-475E-89B8-0D5CF6522920}.Release|Any CPU.Build.0 = Release|Any CPU
	EndGlobalSection
	GlobalSection(SolutionProperties) = preSolution
		HideSolutionNode = FALSE
	EndGlobalSection
	GlobalSection(ExtensibilityGlobals) = postSolution
		SolutionGuid = {F189EB4A-498C-4EF3-BEE7-B39B988F487F}
	EndGlobalSection
EndGlobal
